
Microsoft Visual Studio Solution File, Format Version 11.00
# Visual Studio 2010
Project("{FAE04EC0-301F-11D3-BF4B-00C04F79EFBC}") = "Assembly-CSharp", "Assembly-CSharp.csproj", "{0F6D40F0-4FB4-A4FC-C971-24694657F729}"
EndProject
Global
	GlobalSection(SolutionConfigurationPlatforms) = preSolution
		Debug|Any CPU = Debug|Any CPU
		Release|Any CPU = Release|Any CPU
	EndGlobalSection
	GlobalSection(ProjectConfigurationPlatforms) = postSolution
		{0F6D40F0-4FB4-A4FC-C971-24694657F729}.Debug|Any CPU.ActiveCfg = Debug|Any CPU
		{0F6D40F0-4FB4-A4FC-C971-24694657F729}.Debug|Any CPU.Build.0 = Debug|Any CPU
		{0F6D40F0-4FB4-A4FC-C971-24694657F729}.Release|Any CPU.ActiveCfg = Release|Any CPU
		{0F6D40F0-4FB4-A4FC-C971-24694657F729}.Release|Any CPU.Build.0 = Release|Any CPU
	EndGlobalSection
	GlobalSection(SolutionProperties) = preSolution
		HideSolutionNode = FALSE
	EndGlobalSection
EndGlobal
